
Microsoft Visual Studio Solution File, Format Version 12.00
# Visual Studio Version 16
VisualStudioVersion = 16.0.30503.244
MinimumVisualStudioVersion = 10.0.40219.1
Project("{FAE04EC0-301F-11D3-BF4B-00C04F79EFBC}") = "Veracity_AlexMalcolm", "Veracity_AlexMalcolm2\Veracity_AlexMalcolm.csproj", "{5A4C238F-FE25-4BEB-8267-AFB19595C5A1}"
EndProject
Project("{FAE04EC0-301F-11D3-BF4B-00C04F79EFBC}") = "Veracity_AlexMalcolm_UnitTest", "Veracity_AlexMalcolm2_UnitTest\Veracity_AlexMalcolm_UnitTest.csproj", "{56E22073-F2D6-4C66-AB82-166FC1A160BA}"
EndProject
Global
	GlobalSection(SolutionConfigurationPlatforms) = preSolution
		Debug|Any CPU = Debug|Any CPU
		Release|Any CPU = Release|Any CPU
	EndGlobalSection
	GlobalSection(ProjectConfigurationPlatforms) = postSolution
		{5A4C238F-FE25-4BEB-8267-AFB19595C5A1}.Debug|Any CPU.ActiveCfg = Debug|Any CPU
		{5A4C238F-FE25-4BEB-8267-AFB19595C5A1}.Debug|Any CPU.Build.0 = Debug|Any CPU
		{5A4C238F-FE25-4BEB-8267-AFB19595C5A1}.Release|Any CPU.ActiveCfg = Release|Any CPU
		{5A4C238F-FE25-4BEB-8267-AFB19595C5A1}.Release|Any CPU.Build.0 = Release|Any CPU
		{56E22073-F2D6-4C66-AB82-166FC1A160BA}.Debug|Any CPU.ActiveCfg = Debug|Any CPU
		{56E22073-F2D6-4C66-AB82-166FC1A160BA}.Debug|Any CPU.Build.0 = Debug|Any CPU
		{56E22073-F2D6-4C66-AB82-166FC1A160BA}.Release|Any CPU.ActiveCfg = Release|Any CPU
		{56E22073-F2D6-4C66-AB82-166FC1A160BA}.Release|Any CPU.Build.0 = Release|Any CPU
	EndGlobalSection
	GlobalSection(SolutionProperties) = preSolution
		HideSolutionNode = FALSE
	EndGlobalSection
	GlobalSection(ExtensibilityGlobals) = postSolution
		SolutionGuid = {9CDC2F3A-CF52-4034-BA6C-24659EB6736E}
	EndGlobalSection
EndGlobal
